
Microsoft Visual Studio Solution File, Format Version 12.00
# Visual Studio Version 17
VisualStudioVersion = 17.14.36705.20
MinimumVisualStudioVersion = 10.0.40219.1
Project("{FAE04EC0-301F-11D3-BF4B-00C04F79EFBC}") = "ASP.NET_MVC_5", "ASP.NET_MVC_5\ASP.NET_MVC_5.csproj", "{D8FC8400-A01E-431B-8FA5-6B9810A5A72A}"
EndProject
Global
	GlobalSection(SolutionConfigurationPlatforms) = preSolution
		Debug|Any CPU = Debug|Any CPU
		Release|Any CPU = Release|Any CPU
	EndGlobalSection
	GlobalSection(ProjectConfigurationPlatforms) = postSolution
		{D8FC8400-A01E-431B-8FA5-6B9810A5A72A}.Debug|Any CPU.ActiveCfg = Debug|Any CPU
		{D8FC8400-A01E-431B-8FA5-6B9810A5A72A}.Debug|Any CPU.Build.0 = Debug|Any CPU
		{D8FC8400-A01E-431B-8FA5-6B9810A5A72A}.Release|Any CPU.ActiveCfg = Release|Any CPU
		{D8FC8400-A01E-431B-8FA5-6B9810A5A72A}.Release|Any CPU.Build.0 = Release|Any CPU
	EndGlobalSection
	GlobalSection(SolutionProperties) = preSolution
		HideSolutionNode = FALSE
	EndGlobalSection
	GlobalSection(ExtensibilityGlobals) = postSolution
		SolutionGuid = {EDAB1BAA-74F8-40D6-A568-2FE18D0978A9}
	EndGlobalSection
EndGlobal
